
Microsoft Visual Studio Solution File, Format Version 12.00
# Visual Studio Version 17
VisualStudioVersion = 17.0.31903.59
MinimumVisualStudioVersion = 10.0.40219.1
Project("{FAE04EC0-301F-11D3-BF4B-00C04F79EFBC}") = "AasCore.Aas3_0.Extensions", "AasCore.Aas3_0.Extensions\AasCore.Aas3_0.Extensions.csproj", "{BA741417-E2F6-4233-95D4-1FE062E82865}"
EndProject
Project("{FAE04EC0-301F-11D3-BF4B-00C04F79EFBC}") = "AasCore.Aas3_0.Extensions.Tests", "AasCore.Aas3_0.Extensions.Tests\AasCore.Aas3_0.Extensions.Tests.csproj", "{623CCFC1-CBB7-485F-B40F-CFAB9E4FE963}"
EndProject
Global
	GlobalSection(SolutionConfigurationPlatforms) = preSolution
		Debug|Any CPU = Debug|Any CPU
		Release|Any CPU = Release|Any CPU
	EndGlobalSection
	GlobalSection(SolutionProperties) = preSolution
		HideSolutionNode = FALSE
	EndGlobalSection
	GlobalSection(ProjectConfigurationPlatforms) = postSolution
		{BA741417-E2F6-4233-95D4-1FE062E82865}.Debug|Any CPU.ActiveCfg = Debug|Any CPU
		{BA741417-E2F6-4233-95D4-1FE062E82865}.Debug|Any CPU.Build.0 = Debug|Any CPU
		{BA741417-E2F6-4233-95D4-1FE062E82865}.Release|Any CPU.ActiveCfg = Release|Any CPU
		{BA741417-E2F6-4233-95D4-1FE062E82865}.Release|Any CPU.Build.0 = Release|Any CPU
		{623CCFC1-CBB7-485F-B40F-CFAB9E4FE963}.Debug|Any CPU.ActiveCfg = Debug|Any CPU
		{623CCFC1-CBB7-485F-B40F-CFAB9E4FE963}.Debug|Any CPU.Build.0 = Debug|Any CPU
		{623CCFC1-CBB7-485F-B40F-CFAB9E4FE963}.Release|Any CPU.ActiveCfg = Release|Any CPU
		{623CCFC1-CBB7-485F-B40F-CFAB9E4FE963}.Release|Any CPU.Build.0 = Release|Any CPU
	EndGlobalSection
EndGlobal
